
Microsoft Visual Studio Solution File, Format Version 12.00
# Visual Studio Version 17
VisualStudioVersion = 17.11.35222.181
MinimumVisualStudioVersion = 10.0.40219.1
Project("{FAE04EC0-301F-11D3-BF4B-00C04F79EFBC}") = "ClasseDeProjet421", "ClasseDeProjet421.csproj", "{A488939F-DAB0-4849-99E0-E5042DE1FB7E}"
EndProject
Global
	GlobalSection(SolutionConfigurationPlatforms) = preSolution
		Debug|Any CPU = Debug|Any CPU
		Release|Any CPU = Release|Any CPU
	EndGlobalSection
	GlobalSection(ProjectConfigurationPlatforms) = postSolution
		{A488939F-DAB0-4849-99E0-E5042DE1FB7E}.Debug|Any CPU.ActiveCfg = Debug|Any CPU
		{A488939F-DAB0-4849-99E0-E5042DE1FB7E}.Debug|Any CPU.Build.0 = Debug|Any CPU
		{A488939F-DAB0-4849-99E0-E5042DE1FB7E}.Release|Any CPU.ActiveCfg = Release|Any CPU
		{A488939F-DAB0-4849-99E0-E5042DE1FB7E}.Release|Any CPU.Build.0 = Release|Any CPU
	EndGlobalSection
	GlobalSection(SolutionProperties) = preSolution
		HideSolutionNode = FALSE
	EndGlobalSection
	GlobalSection(ExtensibilityGlobals) = postSolution
		SolutionGuid = {01CDD48C-BDFD-4F36-A929-D9280460EF3D}
	EndGlobalSection
EndGlobal
